
Microsoft Visual Studio Solution File, Format Version 12.00
# Visual Studio Version 16
VisualStudioVersion = 16.0.29911.84
MinimumVisualStudioVersion = 10.0.40219.1
Project("{FAE04EC0-301F-11D3-BF4B-00C04F79EFBC}") = "Kalendarz", "Tasker\Kalendarz.csproj", "{5874843D-65B9-45E3-8F2C-F01A22048A10}"
EndProject
Global
	GlobalSection(SolutionConfigurationPlatforms) = preSolution
		Debug|Any CPU = Debug|Any CPU
		Release|Any CPU = Release|Any CPU
	EndGlobalSection
	GlobalSection(ProjectConfigurationPlatforms) = postSolution
		{5874843D-65B9-45E3-8F2C-F01A22048A10}.Debug|Any CPU.ActiveCfg = Debug|Any CPU
		{5874843D-65B9-45E3-8F2C-F01A22048A10}.Debug|Any CPU.Build.0 = Debug|Any CPU
		{5874843D-65B9-45E3-8F2C-F01A22048A10}.Release|Any CPU.ActiveCfg = Release|Any CPU
		{5874843D-65B9-45E3-8F2C-F01A22048A10}.Release|Any CPU.Build.0 = Release|Any CPU
	EndGlobalSection
	GlobalSection(SolutionProperties) = preSolution
		HideSolutionNode = FALSE
	EndGlobalSection
	GlobalSection(ExtensibilityGlobals) = postSolution
		SolutionGuid = {DD179124-0A52-4B1D-93D4-B878E3A936D7}
	EndGlobalSection
EndGlobal
